
Microsoft Visual Studio Solution File, Format Version 12.00
# Visual Studio 15
VisualStudioVersion = 15.0.27130.2010
MinimumVisualStudioVersion = 10.0.40219.1
Project("{FF286327-C783-4F7A-AB73-9BCBAD0D4460}") = "Nuget.Windows.Storage.Streams", "Nuget.Windows.Storage.Streams\Nuget.Windows.Storage.Streams.nuproj", "{43CD93BB-C6C4-4F8E-B1ED-406469D9DB42}"
EndProject
Project("{FF286327-C783-4F7A-AB73-9BCBAD0D4460}") = "Nuget.Windows.Storage.Streams.DELIVERABLES", "Nuget.Windows.Storage.Streams.DELIVERABLES\Nuget.Windows.Storage.Streams.DELIVERABLES.nuproj", "{5A4C97FD-F7EA-4A59-8D7F-42EBC1A6D449}"
EndProject
Global
	GlobalSection(SolutionConfigurationPlatforms) = preSolution
		Debug|Any CPU = Debug|Any CPU
		Release|Any CPU = Release|Any CPU
	EndGlobalSection
	GlobalSection(ProjectConfigurationPlatforms) = postSolution
		{43CD93BB-C6C4-4F8E-B1ED-406469D9DB42}.Debug|Any CPU.ActiveCfg = Debug|Any CPU
		{43CD93BB-C6C4-4F8E-B1ED-406469D9DB42}.Debug|Any CPU.Build.0 = Debug|Any CPU
		{43CD93BB-C6C4-4F8E-B1ED-406469D9DB42}.Release|Any CPU.ActiveCfg = Release|Any CPU
		{43CD93BB-C6C4-4F8E-B1ED-406469D9DB42}.Release|Any CPU.Build.0 = Release|Any CPU
		{5A4C97FD-F7EA-4A59-8D7F-42EBC1A6D449}.Debug|Any CPU.ActiveCfg = Debug|Any CPU
		{5A4C97FD-F7EA-4A59-8D7F-42EBC1A6D449}.Debug|Any CPU.Build.0 = Debug|Any CPU
		{5A4C97FD-F7EA-4A59-8D7F-42EBC1A6D449}.Release|Any CPU.ActiveCfg = Release|Any CPU
		{5A4C97FD-F7EA-4A59-8D7F-42EBC1A6D449}.Release|Any CPU.Build.0 = Release|Any CPU
	EndGlobalSection
	GlobalSection(SolutionProperties) = preSolution
		HideSolutionNode = FALSE
	EndGlobalSection
	GlobalSection(ExtensibilityGlobals) = postSolution
		SolutionGuid = {F1118582-AA1F-422B-A587-913C78784B5F}
	EndGlobalSection
EndGlobal
